
Microsoft Visual Studio Solution File, Format Version 12.00
# Visual Studio Version 17
VisualStudioVersion = 17.12.35309.182
MinimumVisualStudioVersion = 10.0.40219.1
Project("{FAE04EC0-301F-11D3-BF4B-00C04F79EFBC}") = "QuranX.DocumentModel", "QuranX.DocumentModel\QuranX.DocumentModel.csproj", "{32BD00B9-5689-45D5-BA1A-376EA8BE22EC}"
EndProject
Project("{2150E333-8FDC-42A3-9474-1A3956D46DE8}") = "Solution Items", "Solution Items", "{F4806323-6C77-41D8-B2D4-C0D60DD31F17}"
	ProjectSection(SolutionItems) = preProject
		.editorconfig = .editorconfig
		Local.testsettings = Local.testsettings
	EndProjectSection
EndProject
Project("{FAE04EC0-301F-11D3-BF4B-00C04F79EFBC}") = "QuranX.Shared", "QuranX.Shared\QuranX.Shared.csproj", "{CBFFA4CA-A4B9-422E-BF7F-C99AD25BADE2}"
EndProject
Project("{FAE04EC0-301F-11D3-BF4B-00C04F79EFBC}") = "QuranX.Persistence", "QuranX.Persistence\QuranX.Persistence.csproj", "{8D1DC2CD-C47F-4176-B473-3817CDCB3330}"
EndProject
Project("{FAE04EC0-301F-11D3-BF4B-00C04F79EFBC}") = "QuranX.DataMigration", "QuranX.DataMigration\QuranX.DataMigration.csproj", "{00B81C9E-1DD8-415D-A429-AD5DF9407036}"
EndProject
Project("{FAE04EC0-301F-11D3-BF4B-00C04F79EFBC}") = "QuranX.Web", "QuranX.Web\QuranX.Web.csproj", "{C99BB8A6-53DD-4E8A-925F-D7E1A8F1D895}"
EndProject
Global
	GlobalSection(SolutionConfigurationPlatforms) = preSolution
		Debug|Any CPU = Debug|Any CPU
		Debug|Mixed Platforms = Debug|Mixed Platforms
		Debug|x86 = Debug|x86
		Release|Any CPU = Release|Any CPU
		Release|Mixed Platforms = Release|Mixed Platforms
		Release|x86 = Release|x86
	EndGlobalSection
	GlobalSection(ProjectConfigurationPlatforms) = postSolution
		{32BD00B9-5689-45D5-BA1A-376EA8BE22EC}.Debug|Any CPU.ActiveCfg = Debug|Any CPU
		{32BD00B9-5689-45D5-BA1A-376EA8BE22EC}.Debug|Any CPU.Build.0 = Debug|Any CPU
		{32BD00B9-5689-45D5-BA1A-376EA8BE22EC}.Debug|Mixed Platforms.ActiveCfg = Debug|Any CPU
		{32BD00B9-5689-45D5-BA1A-376EA8BE22EC}.Debug|Mixed Platforms.Build.0 = Debug|Any CPU
		{32BD00B9-5689-45D5-BA1A-376EA8BE22EC}.Debug|x86.ActiveCfg = Debug|Any CPU
		{32BD00B9-5689-45D5-BA1A-376EA8BE22EC}.Debug|x86.Build.0 = Debug|Any CPU
		{32BD00B9-5689-45D5-BA1A-376EA8BE22EC}.Release|Any CPU.ActiveCfg = Release|Any CPU
		{32BD00B9-5689-45D5-BA1A-376EA8BE22EC}.Release|Any CPU.Build.0 = Release|Any CPU
		{32BD00B9-5689-45D5-BA1A-376EA8BE22EC}.Release|Mixed Platforms.ActiveCfg = Release|Any CPU
		{32BD00B9-5689-45D5-BA1A-376EA8BE22EC}.Release|Mixed Platforms.Build.0 = Release|Any CPU
		{32BD00B9-5689-45D5-BA1A-376EA8BE22EC}.Release|x86.ActiveCfg = Release|Any CPU
		{32BD00B9-5689-45D5-BA1A-376EA8BE22EC}.Release|x86.Build.0 = Release|Any CPU
		{CBFFA4CA-A4B9-422E-BF7F-C99AD25BADE2}.Debug|Any CPU.ActiveCfg = Debug|Any CPU
		{CBFFA4CA-A4B9-422E-BF7F-C99AD25BADE2}.Debug|Any CPU.Build.0 = Debug|Any CPU
		{CBFFA4CA-A4B9-422E-BF7F-C99AD25BADE2}.Debug|Mixed Platforms.ActiveCfg = Debug|Any CPU
		{CBFFA4CA-A4B9-422E-BF7F-C99AD25BADE2}.Debug|Mixed Platforms.Build.0 = Debug|Any CPU
		{CBFFA4CA-A4B9-422E-BF7F-C99AD25BADE2}.Debug|x86.ActiveCfg = Debug|Any CPU
		{CBFFA4CA-A4B9-422E-BF7F-C99AD25BADE2}.Debug|x86.Build.0 = Debug|Any CPU
		{CBFFA4CA-A4B9-422E-BF7F-C99AD25BADE2}.Release|Any CPU.ActiveCfg = Release|Any CPU
		{CBFFA4CA-A4B9-422E-BF7F-C99AD25BADE2}.Release|Any CPU.Build.0 = Release|Any CPU
		{CBFFA4CA-A4B9-422E-BF7F-C99AD25BADE2}.Release|Mixed Platforms.ActiveCfg = Release|Any CPU
		{CBFFA4CA-A4B9-422E-BF7F-C99AD25BADE2}.Release|Mixed Platforms.Build.0 = Release|Any CPU
		{CBFFA4CA-A4B9-422E-BF7F-C99AD25BADE2}.Release|x86.ActiveCfg = Release|Any CPU
		{CBFFA4CA-A4B9-422E-BF7F-C99AD25BADE2}.Release|x86.Build.0 = Release|Any CPU
		{8D1DC2CD-C47F-4176-B473-3817CDCB3330}.Debug|Any CPU.ActiveCfg = Debug|Any CPU
		{8D1DC2CD-C47F-4176-B473-3817CDCB3330}.Debug|Any CPU.Build.0 = Debug|Any CPU
		{8D1DC2CD-C47F-4176-B473-3817CDCB3330}.Debug|Mixed Platforms.ActiveCfg = Debug|Any CPU
		{8D1DC2CD-C47F-4176-B473-3817CDCB3330}.Debug|Mixed Platforms.Build.0 = Debug|Any CPU
		{8D1DC2CD-C47F-4176-B473-3817CDCB3330}.Debug|x86.ActiveCfg = Debug|Any CPU
		{8D1DC2CD-C47F-4176-B473-3817CDCB3330}.Debug|x86.Build.0 = Debug|Any CPU
		{8D1DC2CD-C47F-4176-B473-3817CDCB3330}.Release|Any CPU.ActiveCfg = Release|Any CPU
		{8D1DC2CD-C47F-4176-B473-3817CDCB3330}.Release|Any CPU.Build.0 = Release|Any CPU
		{8D1DC2CD-C47F-4176-B473-3817CDCB3330}.Release|Mixed Platforms.ActiveCfg = Release|Any CPU
		{8D1DC2CD-C47F-4176-B473-3817CDCB3330}.Release|Mixed Platforms.Build.0 = Release|Any CPU
		{8D1DC2CD-C47F-4176-B473-3817CDCB3330}.Release|x86.ActiveCfg = Release|Any CPU
		{8D1DC2CD-C47F-4176-B473-3817CDCB3330}.Release|x86.Build.0 = Release|Any CPU
		{00B81C9E-1DD8-415D-A429-AD5DF9407036}.Debug|Any CPU.ActiveCfg = Debug|Any CPU
		{00B81C9E-1DD8-415D-A429-AD5DF9407036}.Debug|Any CPU.Build.0 = Debug|Any CPU
		{00B81C9E-1DD8-415D-A429-AD5DF9407036}.Debug|Mixed Platforms.ActiveCfg = Debug|Any CPU
		{00B81C9E-1DD8-415D-A429-AD5DF9407036}.Debug|Mixed Platforms.Build.0 = Debug|Any CPU
		{00B81C9E-1DD8-415D-A429-AD5DF9407036}.Debug|x86.ActiveCfg = Debug|Any CPU
		{00B81C9E-1DD8-415D-A429-AD5DF9407036}.Debug|x86.Build.0 = Debug|Any CPU
		{00B81C9E-1DD8-415D-A429-AD5DF9407036}.Release|Any CPU.ActiveCfg = Release|Any CPU
		{00B81C9E-1DD8-415D-A429-AD5DF9407036}.Release|Any CPU.Build.0 = Release|Any CPU
		{00B81C9E-1DD8-415D-A429-AD5DF9407036}.Release|Mixed Platforms.ActiveCfg = Release|Any CPU
		{00B81C9E-1DD8-415D-A429-AD5DF9407036}.Release|Mixed Platforms.Build.0 = Release|Any CPU
		{00B81C9E-1DD8-415D-A429-AD5DF9407036}.Release|x86.ActiveCfg = Release|Any CPU
		{00B81C9E-1DD8-415D-A429-AD5DF9407036}.Release|x86.Build.0 = Release|Any CPU
		{C99BB8A6-53DD-4E8A-925F-D7E1A8F1D895}.Debug|Any CPU.ActiveCfg = Debug|Any CPU
		{C99BB8A6-53DD-4E8A-925F-D7E1A8F1D895}.Debug|Any CPU.Build.0 = Debug|Any CPU
		{C99BB8A6-53DD-4E8A-925F-D7E1A8F1D895}.Debug|Mixed Platforms.ActiveCfg = Debug|Any CPU
		{C99BB8A6-53DD-4E8A-925F-D7E1A8F1D895}.Debug|Mixed Platforms.Build.0 = Debug|Any CPU
		{C99BB8A6-53DD-4E8A-925F-D7E1A8F1D895}.Debug|x86.ActiveCfg = Debug|Any CPU
		{C99BB8A6-53DD-4E8A-925F-D7E1A8F1D895}.Debug|x86.Build.0 = Debug|Any CPU
		{C99BB8A6-53DD-4E8A-925F-D7E1A8F1D895}.Release|Any CPU.ActiveCfg = Release|Any CPU
		{C99BB8A6-53DD-4E8A-925F-D7E1A8F1D895}.Release|Any CPU.Build.0 = Release|Any CPU
		{C99BB8A6-53DD-4E8A-925F-D7E1A8F1D895}.Release|Mixed Platforms.ActiveCfg = Release|Any CPU
		{C99BB8A6-53DD-4E8A-925F-D7E1A8F1D895}.Release|Mixed Platforms.Build.0 = Release|Any CPU
		{C99BB8A6-53DD-4E8A-925F-D7E1A8F1D895}.Release|x86.ActiveCfg = Release|Any CPU
		{C99BB8A6-53DD-4E8A-925F-D7E1A8F1D895}.Release|x86.Build.0 = Release|Any CPU
	EndGlobalSection
	GlobalSection(SolutionProperties) = preSolution
		HideSolutionNode = FALSE
	EndGlobalSection
	GlobalSection(ExtensibilityGlobals) = postSolution
		SolutionGuid = {86E50F7A-5915-4BDA-858A-2FEBA69564CB}
	EndGlobalSection
EndGlobal
